
Microsoft Visual Studio Solution File, Format Version 12.00
# Visual Studio Version 16
VisualStudioVersion = 16.0.29806.167
MinimumVisualStudioVersion = 10.0.40219.1
Project("{9A19103F-16F7-4668-BE54-9A1E7A4F7556}") = "Dominio", "Dominio\Dominio.csproj", "{130DF5A3-C8DD-4698-93EE-3B9C410B8BF0}"
EndProject
Project("{9A19103F-16F7-4668-BE54-9A1E7A4F7556}") = "Repositorios", "Repositorios\Repositorios.csproj", "{826FE2AC-766F-420F-9833-3C09447ACD12}"
EndProject
Project("{2150E333-8FDC-42A3-9474-1A3956D46DE8}") = "Dominio", "Dominio", "{B163BC21-B235-4EF4-A999-4987DF172D16}"
EndProject
Project("{2150E333-8FDC-42A3-9474-1A3956D46DE8}") = "Repositorios", "Repositorios", "{C12D6C4A-555F-4192-824A-7A30CC18D091}"
EndProject
Project("{FAE04EC0-301F-11D3-BF4B-00C04F79EFBC}") = "Tp3Csharp", "ConsoleApp\Tp3Csharp.csproj", "{AAAA8A01-33AE-427A-8C16-7FB562AF893C}"
EndProject
Global
	GlobalSection(SolutionConfigurationPlatforms) = preSolution
		Debug|Any CPU = Debug|Any CPU
		Release|Any CPU = Release|Any CPU
	EndGlobalSection
	GlobalSection(ProjectConfigurationPlatforms) = postSolution
		{130DF5A3-C8DD-4698-93EE-3B9C410B8BF0}.Debug|Any CPU.ActiveCfg = Debug|Any CPU
		{130DF5A3-C8DD-4698-93EE-3B9C410B8BF0}.Debug|Any CPU.Build.0 = Debug|Any CPU
		{130DF5A3-C8DD-4698-93EE-3B9C410B8BF0}.Release|Any CPU.ActiveCfg = Release|Any CPU
		{130DF5A3-C8DD-4698-93EE-3B9C410B8BF0}.Release|Any CPU.Build.0 = Release|Any CPU
		{826FE2AC-766F-420F-9833-3C09447ACD12}.Debug|Any CPU.ActiveCfg = Debug|Any CPU
		{826FE2AC-766F-420F-9833-3C09447ACD12}.Debug|Any CPU.Build.0 = Debug|Any CPU
		{826FE2AC-766F-420F-9833-3C09447ACD12}.Release|Any CPU.ActiveCfg = Release|Any CPU
		{826FE2AC-766F-420F-9833-3C09447ACD12}.Release|Any CPU.Build.0 = Release|Any CPU
		{AAAA8A01-33AE-427A-8C16-7FB562AF893C}.Debug|Any CPU.ActiveCfg = Debug|Any CPU
		{AAAA8A01-33AE-427A-8C16-7FB562AF893C}.Debug|Any CPU.Build.0 = Debug|Any CPU
		{AAAA8A01-33AE-427A-8C16-7FB562AF893C}.Release|Any CPU.ActiveCfg = Release|Any CPU
		{AAAA8A01-33AE-427A-8C16-7FB562AF893C}.Release|Any CPU.Build.0 = Release|Any CPU
	EndGlobalSection
	GlobalSection(SolutionProperties) = preSolution
		HideSolutionNode = FALSE
	EndGlobalSection
	GlobalSection(NestedProjects) = preSolution
		{130DF5A3-C8DD-4698-93EE-3B9C410B8BF0} = {B163BC21-B235-4EF4-A999-4987DF172D16}
		{826FE2AC-766F-420F-9833-3C09447ACD12} = {C12D6C4A-555F-4192-824A-7A30CC18D091}
	EndGlobalSection
	GlobalSection(ExtensibilityGlobals) = postSolution
		SolutionGuid = {628E3A8B-0870-4B79-B2AE-B621D6B2C378}
	EndGlobalSection
EndGlobal
